
Microsoft Visual Studio Solution File, Format Version 12.00
# Visual Studio Version 17
VisualStudioVersion = 17.4.33205.214
MinimumVisualStudioVersion = 10.0.40219.1
Project("{8BC9CEB8-8B4A-11D0-8D11-00A0C91BC942}") = "Gugu", "Gugu\Gugu.vcxproj", "{9357B922-8587-45D7-8A89-3F60DC0425F5}"
EndProject
Global
	GlobalSection(SolutionConfigurationPlatforms) = preSolution
		Debug|x64 = Debug|x64
		Debug|x86 = Debug|x86
		Release|x64 = Release|x64
		Release|x86 = Release|x86
	EndGlobalSection
	GlobalSection(ProjectConfigurationPlatforms) = postSolution
		{9357B922-8587-45D7-8A89-3F60DC0425F5}.Debug|x64.ActiveCfg = Debug|x64
		{9357B922-8587-45D7-8A89-3F60DC0425F5}.Debug|x64.Build.0 = Debug|x64
		{9357B922-8587-45D7-8A89-3F60DC0425F5}.Debug|x86.ActiveCfg = Debug|Win32
		{9357B922-8587-45D7-8A89-3F60DC0425F5}.Debug|x86.Build.0 = Debug|Win32
		{9357B922-8587-45D7-8A89-3F60DC0425F5}.Release|x64.ActiveCfg = Release|x64
		{9357B922-8587-45D7-8A89-3F60DC0425F5}.Release|x64.Build.0 = Release|x64
		{9357B922-8587-45D7-8A89-3F60DC0425F5}.Release|x86.ActiveCfg = Release|Win32
		{9357B922-8587-45D7-8A89-3F60DC0425F5}.Release|x86.Build.0 = Release|Win32
	EndGlobalSection
	GlobalSection(SolutionProperties) = preSolution
		HideSolutionNode = FALSE
	EndGlobalSection
	GlobalSection(ExtensibilityGlobals) = postSolution
		SolutionGuid = {CBAE536B-132A-44A7-B15A-EF9D1A4CDB7C}
	EndGlobalSection
EndGlobal
